
Microsoft Visual Studio Solution File, Format Version 12.00
# Visual Studio Version 17
VisualStudioVersion = 17.14.36603.0 d17.14
MinimumVisualStudioVersion = 10.0.40219.1
Project("{F184B08F-C81C-45F6-A57F-5ABD9991F28F}") = "tabla de multiplicar", "tabla de multiplicar\tabla de multiplicar.vbproj", "{05E31D72-8792-4878-BCF5-8DDA1254BD95}"
EndProject
Global
	GlobalSection(SolutionConfigurationPlatforms) = preSolution
		Debug|Any CPU = Debug|Any CPU
		Release|Any CPU = Release|Any CPU
	EndGlobalSection
	GlobalSection(ProjectConfigurationPlatforms) = postSolution
		{05E31D72-8792-4878-BCF5-8DDA1254BD95}.Debug|Any CPU.ActiveCfg = Debug|Any CPU
		{05E31D72-8792-4878-BCF5-8DDA1254BD95}.Debug|Any CPU.Build.0 = Debug|Any CPU
		{05E31D72-8792-4878-BCF5-8DDA1254BD95}.Release|Any CPU.ActiveCfg = Release|Any CPU
		{05E31D72-8792-4878-BCF5-8DDA1254BD95}.Release|Any CPU.Build.0 = Release|Any CPU
	EndGlobalSection
	GlobalSection(SolutionProperties) = preSolution
		HideSolutionNode = FALSE
	EndGlobalSection
	GlobalSection(ExtensibilityGlobals) = postSolution
		SolutionGuid = {A04E741B-8DEC-44FE-9258-51DFA689937E}
	EndGlobalSection
EndGlobal
